
Microsoft Visual Studio Solution File, Format Version 12.00
# Visual Studio Version 16
VisualStudioVersion = 16.0.30204.135
MinimumVisualStudioVersion = 10.0.40219.1
Project("{FAE04EC0-301F-11D3-BF4B-00C04F79EFBC}") = "API", "API.csproj", "{95ADA493-B396-48FF-AAA3-7B7FD0059A26}"
EndProject
Global
	GlobalSection(SolutionConfigurationPlatforms) = preSolution
		Debug|Any CPU = Debug|Any CPU
		Release|Any CPU = Release|Any CPU
	EndGlobalSection
	GlobalSection(ProjectConfigurationPlatforms) = postSolution
		{95ADA493-B396-48FF-AAA3-7B7FD0059A26}.Debug|Any CPU.ActiveCfg = Debug|Any CPU
		{95ADA493-B396-48FF-AAA3-7B7FD0059A26}.Debug|Any CPU.Build.0 = Debug|Any CPU
		{95ADA493-B396-48FF-AAA3-7B7FD0059A26}.Release|Any CPU.ActiveCfg = Release|Any CPU
		{95ADA493-B396-48FF-AAA3-7B7FD0059A26}.Release|Any CPU.Build.0 = Release|Any CPU
	EndGlobalSection
	GlobalSection(SolutionProperties) = preSolution
		HideSolutionNode = FALSE
	EndGlobalSection
	GlobalSection(ExtensibilityGlobals) = postSolution
		SolutionGuid = {ADC478C2-C8C7-4EF8-848B-0D8768C74C73}
	EndGlobalSection
EndGlobal
